// !$*UTF8*$!
{
	archiveVersion = 1;
	classes = {
	};
	objectVersion = 56;
	objects = {

/* Begin PBXBuildFile section */
		13182156291941CC0006F560 /* MovieLibMVVMApp.swift in Sources */ = {isa = PBXBuildFile; fileRef = 13182155291941CC0006F560 /* MovieLibMVVMApp.swift */; };
		1318215A291941CD0006F560 /* Assets.xcassets in Resources */ = {isa = PBXBuildFile; fileRef = 13182159291941CD0006F560 /* Assets.xcassets */; };
		1318215D291941CD0006F560 /* Preview Assets.xcassets in Resources */ = {isa = PBXBuildFile; fileRef = 1318215C291941CD0006F560 /* Preview Assets.xcassets */; };
		13182165291945880006F560 /* Constants.swift in Sources */ = {isa = PBXBuildFile; fileRef = 13182164291945880006F560 /* Constants.swift */; };
		131821682919462B0006F560 /* ImageLoader.swift in Sources */ = {isa = PBXBuildFile; fileRef = 131821672919462B0006F560 /* ImageLoader.swift */; };
		1318216C291947960006F560 /* URLImage.swift in Sources */ = {isa = PBXBuildFile; fileRef = 1318216B291947960006F560 /* URLImage.swift */; };
		1318216E2919491E0006F560 /* MovieRatings.swift in Sources */ = {isa = PBXBuildFile; fileRef = 1318216D2919491E0006F560 /* MovieRatings.swift */; };
		1318217129194C110006F560 /* Movie.swift in Sources */ = {isa = PBXBuildFile; fileRef = 1318217029194C110006F560 /* Movie.swift */; };
		1318217429194EB00006F560 /* HTTPClient.swift in Sources */ = {isa = PBXBuildFile; fileRef = 1318217329194EB00006F560 /* HTTPClient.swift */; };
		1318217829195A9A0006F560 /* URLExtensions.swift in Sources */ = {isa = PBXBuildFile; fileRef = 1318217729195A9A0006F560 /* URLExtensions.swift */; };
		1318217C291973210006F560 /* MovieListViewModel.swift in Sources */ = {isa = PBXBuildFile; fileRef = 1318217B291973210006F560 /* MovieListViewModel.swift */; };
		1318217F291975400006F560 /* MovieListScreen.swift in Sources */ = {isa = PBXBuildFile; fileRef = 1318217E291975400006F560 /* MovieListScreen.swift */; };
		13182181291975900006F560 /* SceneDelegate.swift in Sources */ = {isa = PBXBuildFile; fileRef = 13182180291975900006F560 /* SceneDelegate.swift */; };
		1377D8872919790A00E70ADA /* MovieListView.swift in Sources */ = {isa = PBXBuildFile; fileRef = 1377D8862919790A00E70ADA /* MovieListView.swift */; };
		1377D88A29197B9100E70ADA /* ViewExtension.swift in Sources */ = {isa = PBXBuildFile; fileRef = 1377D88929197B9100E70ADA /* ViewExtension.swift */; };
		1377D88C29198A7E00E70ADA /* StringExtension.swift in Sources */ = {isa = PBXBuildFile; fileRef = 1377D88B29198A7E00E70ADA /* StringExtension.swift */; };
		1377D88E29198B6900E70ADA /* FailedView.swift in Sources */ = {isa = PBXBuildFile; fileRef = 1377D88D29198B6900E70ADA /* FailedView.swift */; };
		1377D89029198C2E00E70ADA /* ViewModelBase.swift in Sources */ = {isa = PBXBuildFile; fileRef = 1377D88F29198C2E00E70ADA /* ViewModelBase.swift */; };
		1377D89229199C9500E70ADA /* LoadingView.swift in Sources */ = {isa = PBXBuildFile; fileRef = 1377D89129199C9500E70ADA /* LoadingView.swift */; };
		1377D8942919A1E900E70ADA /* MovieDetails.swift in Sources */ = {isa = PBXBuildFile; fileRef = 1377D8932919A1E900E70ADA /* MovieDetails.swift */; };
		1377D8962919A54F00E70ADA /* MovieDetailsViewModel.swift in Sources */ = {isa = PBXBuildFile; fileRef = 1377D8952919A54F00E70ADA /* MovieDetailsViewModel.swift */; };
		1377D8982919A7E600E70ADA /* MovieDetailsScreen.swift in Sources */ = {isa = PBXBuildFile; fileRef = 1377D8972919A7E600E70ADA /* MovieDetailsScreen.swift */; };
		1377D89A2919A93A00E70ADA /* MovieDetailsView.swift in Sources */ = {isa = PBXBuildFile; fileRef = 1377D8992919A93A00E70ADA /* MovieDetailsView.swift */; };
/* End PBXBuildFile section */

/* Begin PBXFileReference section */
		13182152291941CC0006F560 /* MovieLibMVVM.app */ = {isa = PBXFileReference; explicitFileType = wrapper.application; includeInIndex = 0; path = MovieLibMVVM.app; sourceTree = BUILT_PRODUCTS_DIR; };
		13182155291941CC0006F560 /* MovieLibMVVMApp.swift */ = {isa = PBXFileReference; lastKnownFileType = sourcecode.swift; path = MovieLibMVVMApp.swift; sourceTree = "<group>"; };
		13182159291941CD0006F560 /* Assets.xcassets */ = {isa = PBXFileReference; lastKnownFileType = folder.assetcatalog; path = Assets.xcassets; sourceTree = "<group>"; };
		1318215C291941CD0006F560 /* Preview Assets.xcassets */ = {isa = PBXFileReference; lastKnownFileType = folder.assetcatalog; path = "Preview Assets.xcassets"; sourceTree = "<group>"; };
		13182164291945880006F560 /* Constants.swift */ = {isa = PBXFileReference; lastKnownFileType = sourcecode.swift; path = Constants.swift; sourceTree = "<group>"; };
		131821672919462B0006F560 /* ImageLoader.swift */ = {isa = PBXFileReference; lastKnownFileType = sourcecode.swift; path = ImageLoader.swift; sourceTree = "<group>"; };
		1318216B291947960006F560 /* URLImage.swift */ = {isa = PBXFileReference; lastKnownFileType = sourcecode.swift; path = URLImage.swift; sourceTree = "<group>"; };
		1318216D2919491E0006F560 /* MovieRatings.swift */ = {isa = PBXFileReference; lastKnownFileType = sourcecode.swift; path = MovieRatings.swift; sourceTree = "<group>"; };
		1318217029194C110006F560 /* Movie.swift */ = {isa = PBXFileReference; lastKnownFileType = sourcecode.swift; path = Movie.swift; sourceTree = "<group>"; };
		1318217329194EB00006F560 /* HTTPClient.swift */ = {isa = PBXFileReference; lastKnownFileType = sourcecode.swift; path = HTTPClient.swift; sourceTree = "<group>"; };
		13182175291958650006F560 /* Info.plist */ = {isa = PBXFileReference; lastKnownFileType = text.plist; path = Info.plist; sourceTree = "<group>"; };
		1318217729195A9A0006F560 /* URLExtensions.swift */ = {isa = PBXFileReference; lastKnownFileType = sourcecode.swift; path = URLExtensions.swift; sourceTree = "<group>"; };
		1318217B291973210006F560 /* MovieListViewModel.swift */ = {isa = PBXFileReference; lastKnownFileType = sourcecode.swift; path = MovieListViewModel.swift; sourceTree = "<group>"; };
		1318217E291975400006F560 /* MovieListScreen.swift */ = {isa = PBXFileReference; lastKnownFileType = sourcecode.swift; path = MovieListScreen.swift; sourceTree = "<group>"; };
		13182180291975900006F560 /* SceneDelegate.swift */ = {isa = PBXFileReference; lastKnownFileType = sourcecode.swift; path = SceneDelegate.swift; sourceTree = "<group>"; };
		1377D8862919790A00E70ADA /* MovieListView.swift */ = {isa = PBXFileReference; lastKnownFileType = sourcecode.swift; path = MovieListView.swift; sourceTree = "<group>"; };
		1377D88929197B9100E70ADA /* ViewExtension.swift */ = {isa = PBXFileReference; lastKnownFileType = sourcecode.swift; path = ViewExtension.swift; sourceTree = "<group>"; };
		1377D88B29198A7E00E70ADA /* StringExtension.swift */ = {isa = PBXFileReference; lastKnownFileType = sourcecode.swift; path = StringExtension.swift; sourceTree = "<group>"; };
		1377D88D29198B6900E70ADA /* FailedView.swift */ = {isa = PBXFileReference; lastKnownFileType = sourcecode.swift; path = FailedView.swift; sourceTree = "<group>"; };
		1377D88F29198C2E00E70ADA /* ViewModelBase.swift */ = {isa = PBXFileReference; lastKnownFileType = sourcecode.swift; path = ViewModelBase.swift; sourceTree = "<group>"; };
		1377D89129199C9500E70ADA /* LoadingView.swift */ = {isa = PBXFileReference; lastKnownFileType = sourcecode.swift; path = LoadingView.swift; sourceTree = "<group>"; };
		1377D8932919A1E900E70ADA /* MovieDetails.swift */ = {isa = PBXFileReference; lastKnownFileType = sourcecode.swift; path = MovieDetails.swift; sourceTree = "<group>"; };
		1377D8952919A54F00E70ADA /* MovieDetailsViewModel.swift */ = {isa = PBXFileReference; lastKnownFileType = sourcecode.swift; path = MovieDetailsViewModel.swift; sourceTree = "<group>"; };
		1377D8972919A7E600E70ADA /* MovieDetailsScreen.swift */ = {isa = PBXFileReference; lastKnownFileType = sourcecode.swift; path = MovieDetailsScreen.swift; sourceTree = "<group>"; };
		1377D8992919A93A00E70ADA /* MovieDetailsView.swift */ = {isa = PBXFileReference; lastKnownFileType = sourcecode.swift; path = MovieDetailsView.swift; sourceTree = "<group>"; };
/* End PBXFileReference section */

/* Begin PBXFrameworksBuildPhase section */
		1318214F291941CC0006F560 /* Frameworks */ = {
			isa = PBXFrameworksBuildPhase;
			buildActionMask = 2147483647;
			files = (
			);
			runOnlyForDeploymentPostprocessing = 0;
		};
/* End PBXFrameworksBuildPhase section */

/* Begin PBXGroup section */
		13182149291941CC0006F560 = {
			isa = PBXGroup;
			children = (
				13182154291941CC0006F560 /* MovieLibMVVM */,
				13182153291941CC0006F560 /* Products */,
			);
			sourceTree = "<group>";
		};
		13182153291941CC0006F560 /* Products */ = {
			isa = PBXGroup;
			children = (
				13182152291941CC0006F560 /* MovieLibMVVM.app */,
			);
			name = Products;
			sourceTree = "<group>";
		};
		13182154291941CC0006F560 /* MovieLibMVVM */ = {
			isa = PBXGroup;
			children = (
				13182155291941CC0006F560 /* MovieLibMVVMApp.swift */,
				13182180291975900006F560 /* SceneDelegate.swift */,
				1318216A291947830006F560 /* Controls */,
				1377D88829197B6B00E70ADA /* Extensions */,
				13182166291946150006F560 /* Loaders */,
				1318216F29194C060006F560 /* Models */,
				1318217D291975170006F560 /* Screen */,
				1318217229194E9A0006F560 /* Service */,
				131821632919456E0006F560 /* Utils */,
				1377D885291978ED00E70ADA /* View */,
				1318217A291972970006F560 /* ViewModel */,
				13182175291958650006F560 /* Info.plist */,
				13182159291941CD0006F560 /* Assets.xcassets */,
				1318215B291941CD0006F560 /* Preview Content */,
			);
			path = MovieLibMVVM;
			sourceTree = "<group>";
		};
		1318215B291941CD0006F560 /* Preview Content */ = {
			isa = PBXGroup;
			children = (
				1318215C291941CD0006F560 /* Preview Assets.xcassets */,
			);
			path = "Preview Content";
			sourceTree = "<group>";
		};
		131821632919456E0006F560 /* Utils */ = {
			isa = PBXGroup;
			children = (
				13182164291945880006F560 /* Constants.swift */,
			);
			path = Utils;
			sourceTree = "<group>";
		};
		13182166291946150006F560 /* Loaders */ = {
			isa = PBXGroup;
			children = (
				131821672919462B0006F560 /* ImageLoader.swift */,
			);
			path = Loaders;
			sourceTree = "<group>";
		};
		1318216A291947830006F560 /* Controls */ = {
			isa = PBXGroup;
			children = (
				1318216B291947960006F560 /* URLImage.swift */,
				1318216D2919491E0006F560 /* MovieRatings.swift */,
			);
			path = Controls;
			sourceTree = "<group>";
		};
		1318216F29194C060006F560 /* Models */ = {
			isa = PBXGroup;
			children = (
				1318217029194C110006F560 /* Movie.swift */,
				1377D8932919A1E900E70ADA /* MovieDetails.swift */,
			);
			path = Models;
			sourceTree = "<group>";
		};
		1318217229194E9A0006F560 /* Service */ = {
			isa = PBXGroup;
			children = (
				1318217329194EB00006F560 /* HTTPClient.swift */,
			);
			path = Service;
			sourceTree = "<group>";
		};
		1318217A291972970006F560 /* ViewModel */ = {
			isa = PBXGroup;
			children = (
				1318217B291973210006F560 /* MovieListViewModel.swift */,
				1377D88F29198C2E00E70ADA /* ViewModelBase.swift */,
				1377D8952919A54F00E70ADA /* MovieDetailsViewModel.swift */,
			);
			path = ViewModel;
			sourceTree = "<group>";
		};
		1318217D291975170006F560 /* Screen */ = {
			isa = PBXGroup;
			children = (
				1377D8972919A7E600E70ADA /* MovieDetailsScreen.swift */,
				1318217E291975400006F560 /* MovieListScreen.swift */,
			);
			path = Screen;
			sourceTree = "<group>";
		};
		1377D885291978ED00E70ADA /* View */ = {
			isa = PBXGroup;
			children = (
				1377D88D29198B6900E70ADA /* FailedView.swift */,
				1377D89129199C9500E70ADA /* LoadingView.swift */,
				1377D8992919A93A00E70ADA /* MovieDetailsView.swift */,
				1377D8862919790A00E70ADA /* MovieListView.swift */,
			);
			path = View;
			sourceTree = "<group>";
		};
		1377D88829197B6B00E70ADA /* Extensions */ = {
			isa = PBXGroup;
			children = (
				1377D88B29198A7E00E70ADA /* StringExtension.swift */,
				1318217729195A9A0006F560 /* URLExtensions.swift */,
				1377D88929197B9100E70ADA /* ViewExtension.swift */,
			);
			path = Extensions;
			sourceTree = "<group>";
		};
/* End PBXGroup section */

/* Begin PBXNativeTarget section */
		13182151291941CC0006F560 /* MovieLibMVVM */ = {
			isa = PBXNativeTarget;
			buildConfigurationList = 13182160291941CD0006F560 /* Build configuration list for PBXNativeTarget "MovieLibMVVM" */;
			buildPhases = (
				1318214E291941CC0006F560 /* Sources */,
				1318214F291941CC0006F560 /* Frameworks */,
				13182150291941CC0006F560 /* Resources */,
			);
			buildRules = (
			);
			dependencies = (
			);
			name = MovieLibMVVM;
			productName = MovieLibMVVM;
			productReference = 13182152291941CC0006F560 /* MovieLibMVVM.app */;
			productType = "com.apple.product-type.application";
		};
/* End PBXNativeTarget section */

/* Begin PBXProject section */
		1318214A291941CC0006F560 /* Project object */ = {
			isa = PBXProject;
			attributes = {
				BuildIndependentTargetsInParallel = 1;
				LastSwiftUpdateCheck = 1400;
				LastUpgradeCheck = 1400;
				TargetAttributes = {
					13182151291941CC0006F560 = {
						CreatedOnToolsVersion = 14.0;
					};
				};
			};
			buildConfigurationList = 1318214D291941CC0006F560 /* Build configuration list for PBXProject "MovieLibMVVM" */;
			compatibilityVersion = "Xcode 14.0";
			developmentRegion = en;
			hasScannedForEncodings = 0;
			knownRegions = (
				en,
				Base,
			);
			mainGroup = 13182149291941CC0006F560;
			productRefGroup = 13182153291941CC0006F560 /* Products */;
			projectDirPath = "";
			projectRoot = "";
			targets = (
				13182151291941CC0006F560 /* MovieLibMVVM */,
			);
		};
/* End PBXProject section */

/* Begin PBXResourcesBuildPhase section */
		13182150291941CC0006F560 /* Resources */ = {
			isa = PBXResourcesBuildPhase;
			buildActionMask = 2147483647;
			files = (
				1318215D291941CD0006F560 /* Preview Assets.xcassets in Resources */,
				1318215A291941CD0006F560 /* Assets.xcassets in Resources */,
			);
			runOnlyForDeploymentPostprocessing = 0;
		};
/* End PBXResourcesBuildPhase section */

/* Begin PBXSourcesBuildPhase section */
		1318214E291941CC0006F560 /* Sources */ = {
			isa = PBXSourcesBuildPhase;
			buildActionMask = 2147483647;
			files = (
				1318217129194C110006F560 /* Movie.swift in Sources */,
				1318217429194EB00006F560 /* HTTPClient.swift in Sources */,
				1318216E2919491E0006F560 /* MovieRatings.swift in Sources */,
				1318217829195A9A0006F560 /* URLExtensions.swift in Sources */,
				1377D89229199C9500E70ADA /* LoadingView.swift in Sources */,
				13182156291941CC0006F560 /* MovieLibMVVMApp.swift in Sources */,
				1377D89029198C2E00E70ADA /* ViewModelBase.swift in Sources */,
				1377D8962919A54F00E70ADA /* MovieDetailsViewModel.swift in Sources */,
				1377D8872919790A00E70ADA /* MovieListView.swift in Sources */,
				1377D8982919A7E600E70ADA /* MovieDetailsScreen.swift in Sources */,
				131821682919462B0006F560 /* ImageLoader.swift in Sources */,
				1318216C291947960006F560 /* URLImage.swift in Sources */,
				1377D88C29198A7E00E70ADA /* StringExtension.swift in Sources */,
				1318217F291975400006F560 /* MovieListScreen.swift in Sources */,
				1377D88E29198B6900E70ADA /* FailedView.swift in Sources */,
				1377D89A2919A93A00E70ADA /* MovieDetailsView.swift in Sources */,
				13182165291945880006F560 /* Constants.swift in Sources */,
				1318217C291973210006F560 /* MovieListViewModel.swift in Sources */,
				13182181291975900006F560 /* SceneDelegate.swift in Sources */,
				1377D88A29197B9100E70ADA /* ViewExtension.swift in Sources */,
				1377D8942919A1E900E70ADA /* MovieDetails.swift in Sources */,
			);
			runOnlyForDeploymentPostprocessing = 0;
		};
/* End PBXSourcesBuildPhase section */

/* Begin XCBuildConfiguration section */
		1318215E291941CD0006F560 /* Debug */ = {
			isa = XCBuildConfiguration;
			buildSettings = {
				ALWAYS_SEARCH_USER_PATHS = NO;
				CLANG_ANALYZER_NONNULL = YES;
				CLANG_ANALYZER_NUMBER_OBJECT_CONVERSION = YES_AGGRESSIVE;
				CLANG_CXX_LANGUAGE_STANDARD = "gnu++20";
				CLANG_ENABLE_MODULES = YES;
				CLANG_ENABLE_OBJC_ARC = YES;
				CLANG_ENABLE_OBJC_WEAK = YES;
				CLANG_WARN_BLOCK_CAPTURE_AUTORELEASING = YES;
				CLANG_WARN_BOOL_CONVERSION = YES;
				CLANG_WARN_COMMA = YES;
				CLANG_WARN_CONSTANT_CONVERSION = YES;
				CLANG_WARN_DEPRECATED_OBJC_IMPLEMENTATIONS = YES;
				CLANG_WARN_DIRECT_OBJC_ISA_USAGE = YES_ERROR;
				CLANG_WARN_DOCUMENTATION_COMMENTS = YES;
				CLANG_WARN_EMPTY_BODY = YES;
				CLANG_WARN_ENUM_CONVERSION = YES;
				CLANG_WARN_INFINITE_RECURSION = YES;
				CLANG_WARN_INT_CONVERSION = YES;
				CLANG_WARN_NON_LITERAL_NULL_CONVERSION = YES;
				CLANG_WARN_OBJC_IMPLICIT_RETAIN_SELF = YES;
				CLANG_WARN_OBJC_LITERAL_CONVERSION = YES;
				CLANG_WARN_OBJC_ROOT_CLASS = YES_ERROR;
				CLANG_WARN_QUOTED_INCLUDE_IN_FRAMEWORK_HEADER = YES;
				CLANG_WARN_RANGE_LOOP_ANALYSIS = YES;
				CLANG_WARN_STRICT_PROTOTYPES = YES;
				CLANG_WARN_SUSPICIOUS_MOVE = YES;
				CLANG_WARN_UNGUARDED_AVAILABILITY = YES_AGGRESSIVE;
				CLANG_WARN_UNREACHABLE_CODE = YES;
				CLANG_WARN__DUPLICATE_METHOD_MATCH = YES;
				COPY_PHASE_STRIP = NO;
				DEBUG_INFORMATION_FORMAT = dwarf;
				ENABLE_STRICT_OBJC_MSGSEND = YES;
				ENABLE_TESTABILITY = YES;
				GCC_C_LANGUAGE_STANDARD = gnu11;
				GCC_DYNAMIC_NO_PIC = NO;
				GCC_NO_COMMON_BLOCKS = YES;
				GCC_OPTIMIZATION_LEVEL = 0;
				GCC_PREPROCESSOR_DEFINITIONS = (
					"DEBUG=1",
					"$(inherited)",
				);
				GCC_WARN_64_TO_32_BIT_CONVERSION = YES;
				GCC_WARN_ABOUT_RETURN_TYPE = YES_ERROR;
				GCC_WARN_UNDECLARED_SELECTOR = YES;
				GCC_WARN_UNINITIALIZED_AUTOS = YES_AGGRESSIVE;
				GCC_WARN_UNUSED_FUNCTION = YES;
				GCC_WARN_UNUSED_VARIABLE = YES;
				IPHONEOS_DEPLOYMENT_TARGET = 16.0;
				MTL_ENABLE_DEBUG_INFO = INCLUDE_SOURCE;
				MTL_FAST_MATH = YES;
				ONLY_ACTIVE_ARCH = YES;
				SDKROOT = iphoneos;
				SWIFT_ACTIVE_COMPILATION_CONDITIONS = DEBUG;
				SWIFT_OPTIMIZATION_LEVEL = "-Onone";
			};
			name = Debug;
		};
		1318215F291941CD0006F560 /* Release */ = {
			isa = XCBuildConfiguration;
			buildSettings = {
				ALWAYS_SEARCH_USER_PATHS = NO;
				CLANG_ANALYZER_NONNULL = YES;
				CLANG_ANALYZER_NUMBER_OBJECT_CONVERSION = YES_AGGRESSIVE;
				CLANG_CXX_LANGUAGE_STANDARD = "gnu++20";
				CLANG_ENABLE_MODULES = YES;
				CLANG_ENABLE_OBJC_ARC = YES;
				CLANG_ENABLE_OBJC_WEAK = YES;
				CLANG_WARN_BLOCK_CAPTURE_AUTORELEASING = YES;
				CLANG_WARN_BOOL_CONVERSION = YES;
				CLANG_WARN_COMMA = YES;
				CLANG_WARN_CONSTANT_CONVERSION = YES;
				CLANG_WARN_DEPRECATED_OBJC_IMPLEMENTATIONS = YES;
				CLANG_WARN_DIRECT_OBJC_ISA_USAGE = YES_ERROR;
				CLANG_WARN_DOCUMENTATION_COMMENTS = YES;
				CLANG_WARN_EMPTY_BODY = YES;
				CLANG_WARN_ENUM_CONVERSION = YES;
				CLANG_WARN_INFINITE_RECURSION = YES;
				CLANG_WARN_INT_CONVERSION = YES;
				CLANG_WARN_NON_LITERAL_NULL_CONVERSION = YES;
				CLANG_WARN_OBJC_IMPLICIT_RETAIN_SELF = YES;
				CLANG_WARN_OBJC_LITERAL_CONVERSION = YES;
				CLANG_WARN_OBJC_ROOT_CLASS = YES_ERROR;
				CLANG_WARN_QUOTED_INCLUDE_IN_FRAMEWORK_HEADER = YES;
				CLANG_WARN_RANGE_LOOP_ANALYSIS = YES;
				CLANG_WARN_STRICT_PROTOTYPES = YES;
				CLANG_WARN_SUSPICIOUS_MOVE = YES;
				CLANG_WARN_UNGUARDED_AVAILABILITY = YES_AGGRESSIVE;
				CLANG_WARN_UNREACHABLE_CODE = YES;
				CLANG_WARN__DUPLICATE_METHOD_MATCH = YES;
				COPY_PHASE_STRIP = NO;
				DEBUG_INFORMATION_FORMAT = "dwarf-with-dsym";
				ENABLE_NS_ASSERTIONS = NO;
				ENABLE_STRICT_OBJC_MSGSEND = YES;
				GCC_C_LANGUAGE_STANDARD = gnu11;
				GCC_NO_COMMON_BLOCKS = YES;
				GCC_WARN_64_TO_32_BIT_CONVERSION = YES;
				GCC_WARN_ABOUT_RETURN_TYPE = YES_ERROR;
				GCC_WARN_UNDECLARED_SELECTOR = YES;
				GCC_WARN_UNINITIALIZED_AUTOS = YES_AGGRESSIVE;
				GCC_WARN_UNUSED_FUNCTION = YES;
				GCC_WARN_UNUSED_VARIABLE = YES;
				IPHONEOS_DEPLOYMENT_TARGET = 16.0;
				MTL_ENABLE_DEBUG_INFO = NO;
				MTL_FAST_MATH = YES;
				SDKROOT = iphoneos;
				SWIFT_COMPILATION_MODE = wholemodule;
				SWIFT_OPTIMIZATION_LEVEL = "-O";
				VALIDATE_PRODUCT = YES;
			};
			name = Release;
		};
		13182161291941CD0006F560 /* Debug */ = {
			isa = XCBuildConfiguration;
			buildSettings = {
				ASSETCATALOG_COMPILER_GLOBAL_ACCENT_COLOR_NAME = AccentColor;
				ASSETCATALOG_COMPILER_INCLUDE_ALL_APPICON_ASSETS = YES;
				CODE_SIGN_STYLE = Automatic;
				CURRENT_PROJECT_VERSION = 1;
				DEVELOPMENT_ASSET_PATHS = "\"MovieLibMVVM/Preview Content\"";
				DEVELOPMENT_TEAM = Q4PU3GZZ43;
				ENABLE_PREVIEWS = YES;
				GENERATE_INFOPLIST_FILE = YES;
				INFOPLIST_FILE = MovieLibMVVM/Info.plist;
				INFOPLIST_KEY_UIApplicationSceneManifest_Generation = YES;
				INFOPLIST_KEY_UIApplicationSupportsIndirectInputEvents = YES;
				INFOPLIST_KEY_UILaunchScreen_Generation = YES;
				INFOPLIST_KEY_UISupportedInterfaceOrientations_iPad = "UIInterfaceOrientationPortrait UIInterfaceOrientationPortraitUpsideDown UIInterfaceOrientationLandscapeLeft UIInterfaceOrientationLandscapeRight";
				INFOPLIST_KEY_UISupportedInterfaceOrientations_iPhone = "UIInterfaceOrientationPortrait UIInterfaceOrientationLandscapeLeft UIInterfaceOrientationLandscapeRight";
				LD_RUNPATH_SEARCH_PATHS = (
					"$(inherited)",
					"@executable_path/Frameworks",
				);
				MARKETING_VERSION = 1.0;
				PRODUCT_BUNDLE_IDENTIFIER = com.lilica.MovieLibMVVM;
				PRODUCT_NAME = "$(TARGET_NAME)";
				SWIFT_EMIT_LOC_STRINGS = YES;
				SWIFT_VERSION = 5.0;
				TARGETED_DEVICE_FAMILY = "1,2";
			};
			name = Debug;
		};
		13182162291941CD0006F560 /* Release */ = {
			isa = XCBuildConfiguration;
			buildSettings = {
				ASSETCATALOG_COMPILER_GLOBAL_ACCENT_COLOR_NAME = AccentColor;
				ASSETCATALOG_COMPILER_INCLUDE_ALL_APPICON_ASSETS = YES;
				CODE_SIGN_STYLE = Automatic;
				CURRENT_PROJECT_VERSION = 1;
				DEVELOPMENT_ASSET_PATHS = "\"MovieLibMVVM/Preview Content\"";
				DEVELOPMENT_TEAM = Q4PU3GZZ43;
				ENABLE_PREVIEWS = YES;
				GENERATE_INFOPLIST_FILE = YES;
				INFOPLIST_FILE = MovieLibMVVM/Info.plist;
				INFOPLIST_KEY_UIApplicationSceneManifest_Generation = YES;
				INFOPLIST_KEY_UIApplicationSupportsIndirectInputEvents = YES;
				INFOPLIST_KEY_UILaunchScreen_Generation = YES;
				INFOPLIST_KEY_UISupportedInterfaceOrientations_iPad = "UIInterfaceOrientationPortrait UIInterfaceOrientationPortraitUpsideDown UIInterfaceOrientationLandscapeLeft UIInterfaceOrientationLandscapeRight";
				INFOPLIST_KEY_UISupportedInterfaceOrientations_iPhone = "UIInterfaceOrientationPortrait UIInterfaceOrientationLandscapeLeft UIInterfaceOrientationLandscapeRight";
				LD_RUNPATH_SEARCH_PATHS = (
					"$(inherited)",
					"@executable_path/Frameworks",
				);
				MARKETING_VERSION = 1.0;
				PRODUCT_BUNDLE_IDENTIFIER = com.lilica.MovieLibMVVM;
				PRODUCT_NAME = "$(TARGET_NAME)";
				SWIFT_EMIT_LOC_STRINGS = YES;
				SWIFT_VERSION = 5.0;
				TARGETED_DEVICE_FAMILY = "1,2";
			};
			name = Release;
		};
/* End XCBuildConfiguration section */

/* Begin XCConfigurationList section */
		1318214D291941CC0006F560 /* Build configuration list for PBXProject "MovieLibMVVM" */ = {
			isa = XCConfigurationList;
			buildConfigurations = (
				1318215E291941CD0006F560 /* Debug */,
				1318215F291941CD0006F560 /* Release */,
			);
			defaultConfigurationIsVisible = 0;
			defaultConfigurationName = Release;
		};
		13182160291941CD0006F560 /* Build configuration list for PBXNativeTarget "MovieLibMVVM" */ = {
			isa = XCConfigurationList;
			buildConfigurations = (
				13182161291941CD0006F560 /* Debug */,
				13182162291941CD0006F560 /* Release */,
			);
			defaultConfigurationIsVisible = 0;
			defaultConfigurationName = Release;
		};
/* End XCConfigurationList section */
	};
	rootObject = 1318214A291941CC0006F560 /* Project object */;
}
