// !$*UTF8*$!
{
	archiveVersion = 1;
	classes = {
	};
	objectVersion = 56;
	objects = {

/* Begin PBXBuildFile section */
		13D1CFA328D3D86F0064D47A /* AppDelegate.swift in Sources */ = {isa = PBXBuildFile; fileRef = 13D1CFA228D3D86F0064D47A /* AppDelegate.swift */; };
		13D1CFA528D3D86F0064D47A /* SceneDelegate.swift in Sources */ = {isa = PBXBuildFile; fileRef = 13D1CFA428D3D86F0064D47A /* SceneDelegate.swift */; };
		13D1CFA728D3D86F0064D47A /* ViewController.swift in Sources */ = {isa = PBXBuildFile; fileRef = 13D1CFA628D3D86F0064D47A /* ViewController.swift */; };
		13D1CFAA28D3D86F0064D47A /* Main.storyboard in Resources */ = {isa = PBXBuildFile; fileRef = 13D1CFA828D3D86F0064D47A /* Main.storyboard */; };
		13D1CFAC28D3D86F0064D47A /* Assets.xcassets in Resources */ = {isa = PBXBuildFile; fileRef = 13D1CFAB28D3D86F0064D47A /* Assets.xcassets */; };
		13D1CFAF28D3D86F0064D47A /* LaunchScreen.storyboard in Resources */ = {isa = PBXBuildFile; fileRef = 13D1CFAD28D3D86F0064D47A /* LaunchScreen.storyboard */; };
		13D1CFB728D4919B0064D47A /* HeaderView.swift in Sources */ = {isa = PBXBuildFile; fileRef = 13D1CFB628D4919B0064D47A /* HeaderView.swift */; };
		13D1CFB928D491ED0064D47A /* FooterView.swift in Sources */ = {isa = PBXBuildFile; fileRef = 13D1CFB828D491ED0064D47A /* FooterView.swift */; };
/* End PBXBuildFile section */

/* Begin PBXFileReference section */
		13D1CF9F28D3D86F0064D47A /* headersFooters.app */ = {isa = PBXFileReference; explicitFileType = wrapper.application; includeInIndex = 0; path = headersFooters.app; sourceTree = BUILT_PRODUCTS_DIR; };
		13D1CFA228D3D86F0064D47A /* AppDelegate.swift */ = {isa = PBXFileReference; lastKnownFileType = sourcecode.swift; path = AppDelegate.swift; sourceTree = "<group>"; };
		13D1CFA428D3D86F0064D47A /* SceneDelegate.swift */ = {isa = PBXFileReference; lastKnownFileType = sourcecode.swift; path = SceneDelegate.swift; sourceTree = "<group>"; };
		13D1CFA628D3D86F0064D47A /* ViewController.swift */ = {isa = PBXFileReference; lastKnownFileType = sourcecode.swift; path = ViewController.swift; sourceTree = "<group>"; };
		13D1CFA928D3D86F0064D47A /* Base */ = {isa = PBXFileReference; lastKnownFileType = file.storyboard; name = Base; path = Base.lproj/Main.storyboard; sourceTree = "<group>"; };
		13D1CFAB28D3D86F0064D47A /* Assets.xcassets */ = {isa = PBXFileReference; lastKnownFileType = folder.assetcatalog; path = Assets.xcassets; sourceTree = "<group>"; };
		13D1CFAE28D3D86F0064D47A /* Base */ = {isa = PBXFileReference; lastKnownFileType = file.storyboard; name = Base; path = Base.lproj/LaunchScreen.storyboard; sourceTree = "<group>"; };
		13D1CFB028D3D86F0064D47A /* Info.plist */ = {isa = PBXFileReference; lastKnownFileType = text.plist.xml; path = Info.plist; sourceTree = "<group>"; };
		13D1CFB628D4919B0064D47A /* HeaderView.swift */ = {isa = PBXFileReference; lastKnownFileType = sourcecode.swift; path = HeaderView.swift; sourceTree = "<group>"; };
		13D1CFB828D491ED0064D47A /* FooterView.swift */ = {isa = PBXFileReference; lastKnownFileType = sourcecode.swift; path = FooterView.swift; sourceTree = "<group>"; };
/* End PBXFileReference section */

/* Begin PBXFrameworksBuildPhase section */
		13D1CF9C28D3D86F0064D47A /* Frameworks */ = {
			isa = PBXFrameworksBuildPhase;
			buildActionMask = 2147483647;
			files = (
			);
			runOnlyForDeploymentPostprocessing = 0;
		};
/* End PBXFrameworksBuildPhase section */

/* Begin PBXGroup section */
		13D1CF9628D3D86F0064D47A = {
			isa = PBXGroup;
			children = (
				13D1CFA128D3D86F0064D47A /* headersFooters */,
				13D1CFA028D3D86F0064D47A /* Products */,
			);
			sourceTree = "<group>";
		};
		13D1CFA028D3D86F0064D47A /* Products */ = {
			isa = PBXGroup;
			children = (
				13D1CF9F28D3D86F0064D47A /* headersFooters.app */,
			);
			name = Products;
			sourceTree = "<group>";
		};
		13D1CFA128D3D86F0064D47A /* headersFooters */ = {
			isa = PBXGroup;
			children = (
				13D1CFA228D3D86F0064D47A /* AppDelegate.swift */,
				13D1CFA428D3D86F0064D47A /* SceneDelegate.swift */,
				13D1CFA628D3D86F0064D47A /* ViewController.swift */,
				13D1CFB628D4919B0064D47A /* HeaderView.swift */,
				13D1CFB828D491ED0064D47A /* FooterView.swift */,
				13D1CFA828D3D86F0064D47A /* Main.storyboard */,
				13D1CFAB28D3D86F0064D47A /* Assets.xcassets */,
				13D1CFAD28D3D86F0064D47A /* LaunchScreen.storyboard */,
				13D1CFB028D3D86F0064D47A /* Info.plist */,
			);
			path = headersFooters;
			sourceTree = "<group>";
		};
/* End PBXGroup section */

/* Begin PBXNativeTarget section */
		13D1CF9E28D3D86F0064D47A /* headersFooters */ = {
			isa = PBXNativeTarget;
			buildConfigurationList = 13D1CFB328D3D86F0064D47A /* Build configuration list for PBXNativeTarget "headersFooters" */;
			buildPhases = (
				13D1CF9B28D3D86F0064D47A /* Sources */,
				13D1CF9C28D3D86F0064D47A /* Frameworks */,
				13D1CF9D28D3D86F0064D47A /* Resources */,
			);
			buildRules = (
			);
			dependencies = (
			);
			name = headersFooters;
			productName = headersFooters;
			productReference = 13D1CF9F28D3D86F0064D47A /* headersFooters.app */;
			productType = "com.apple.product-type.application";
		};
/* End PBXNativeTarget section */

/* Begin PBXProject section */
		13D1CF9728D3D86F0064D47A /* Project object */ = {
			isa = PBXProject;
			attributes = {
				BuildIndependentTargetsInParallel = 1;
				LastSwiftUpdateCheck = 1400;
				LastUpgradeCheck = 1400;
				TargetAttributes = {
					13D1CF9E28D3D86F0064D47A = {
						CreatedOnToolsVersion = 14.0;
					};
				};
			};
			buildConfigurationList = 13D1CF9A28D3D86F0064D47A /* Build configuration list for PBXProject "headersFooters" */;
			compatibilityVersion = "Xcode 14.0";
			developmentRegion = en;
			hasScannedForEncodings = 0;
			knownRegions = (
				en,
				Base,
			);
			mainGroup = 13D1CF9628D3D86F0064D47A;
			productRefGroup = 13D1CFA028D3D86F0064D47A /* Products */;
			projectDirPath = "";
			projectRoot = "";
			targets = (
				13D1CF9E28D3D86F0064D47A /* headersFooters */,
			);
		};
/* End PBXProject section */

/* Begin PBXResourcesBuildPhase section */
		13D1CF9D28D3D86F0064D47A /* Resources */ = {
			isa = PBXResourcesBuildPhase;
			buildActionMask = 2147483647;
			files = (
				13D1CFAF28D3D86F0064D47A /* LaunchScreen.storyboard in Resources */,
				13D1CFAC28D3D86F0064D47A /* Assets.xcassets in Resources */,
				13D1CFAA28D3D86F0064D47A /* Main.storyboard in Resources */,
			);
			runOnlyForDeploymentPostprocessing = 0;
		};
/* End PBXResourcesBuildPhase section */

/* Begin PBXSourcesBuildPhase section */
		13D1CF9B28D3D86F0064D47A /* Sources */ = {
			isa = PBXSourcesBuildPhase;
			buildActionMask = 2147483647;
			files = (
				13D1CFB728D4919B0064D47A /* HeaderView.swift in Sources */,
				13D1CFA728D3D86F0064D47A /* ViewController.swift in Sources */,
				13D1CFA328D3D86F0064D47A /* AppDelegate.swift in Sources */,
				13D1CFB928D491ED0064D47A /* FooterView.swift in Sources */,
				13D1CFA528D3D86F0064D47A /* SceneDelegate.swift in Sources */,
			);
			runOnlyForDeploymentPostprocessing = 0;
		};
/* End PBXSourcesBuildPhase section */

/* Begin PBXVariantGroup section */
		13D1CFA828D3D86F0064D47A /* Main.storyboard */ = {
			isa = PBXVariantGroup;
			children = (
				13D1CFA928D3D86F0064D47A /* Base */,
			);
			name = Main.storyboard;
			sourceTree = "<group>";
		};
		13D1CFAD28D3D86F0064D47A /* LaunchScreen.storyboard */ = {
			isa = PBXVariantGroup;
			children = (
				13D1CFAE28D3D86F0064D47A /* Base */,
			);
			name = LaunchScreen.storyboard;
			sourceTree = "<group>";
		};
/* End PBXVariantGroup section */

/* Begin XCBuildConfiguration section */
		13D1CFB128D3D86F0064D47A /* Debug */ = {
			isa = XCBuildConfiguration;
			buildSettings = {
				ALWAYS_SEARCH_USER_PATHS = NO;
				CLANG_ANALYZER_NONNULL = YES;
				CLANG_ANALYZER_NUMBER_OBJECT_CONVERSION = YES_AGGRESSIVE;
				CLANG_CXX_LANGUAGE_STANDARD = "gnu++20";
				CLANG_ENABLE_MODULES = YES;
				CLANG_ENABLE_OBJC_ARC = YES;
				CLANG_ENABLE_OBJC_WEAK = YES;
				CLANG_WARN_BLOCK_CAPTURE_AUTORELEASING = YES;
				CLANG_WARN_BOOL_CONVERSION = YES;
				CLANG_WARN_COMMA = YES;
				CLANG_WARN_CONSTANT_CONVERSION = YES;
				CLANG_WARN_DEPRECATED_OBJC_IMPLEMENTATIONS = YES;
				CLANG_WARN_DIRECT_OBJC_ISA_USAGE = YES_ERROR;
				CLANG_WARN_DOCUMENTATION_COMMENTS = YES;
				CLANG_WARN_EMPTY_BODY = YES;
				CLANG_WARN_ENUM_CONVERSION = YES;
				CLANG_WARN_INFINITE_RECURSION = YES;
				CLANG_WARN_INT_CONVERSION = YES;
				CLANG_WARN_NON_LITERAL_NULL_CONVERSION = YES;
				CLANG_WARN_OBJC_IMPLICIT_RETAIN_SELF = YES;
				CLANG_WARN_OBJC_LITERAL_CONVERSION = YES;
				CLANG_WARN_OBJC_ROOT_CLASS = YES_ERROR;
				CLANG_WARN_QUOTED_INCLUDE_IN_FRAMEWORK_HEADER = YES;
				CLANG_WARN_RANGE_LOOP_ANALYSIS = YES;
				CLANG_WARN_STRICT_PROTOTYPES = YES;
				CLANG_WARN_SUSPICIOUS_MOVE = YES;
				CLANG_WARN_UNGUARDED_AVAILABILITY = YES_AGGRESSIVE;
				CLANG_WARN_UNREACHABLE_CODE = YES;
				CLANG_WARN__DUPLICATE_METHOD_MATCH = YES;
				COPY_PHASE_STRIP = NO;
				DEBUG_INFORMATION_FORMAT = dwarf;
				ENABLE_STRICT_OBJC_MSGSEND = YES;
				ENABLE_TESTABILITY = YES;
				GCC_C_LANGUAGE_STANDARD = gnu11;
				GCC_DYNAMIC_NO_PIC = NO;
				GCC_NO_COMMON_BLOCKS = YES;
				GCC_OPTIMIZATION_LEVEL = 0;
				GCC_PREPROCESSOR_DEFINITIONS = (
					"DEBUG=1",
					"$(inherited)",
				);
				GCC_WARN_64_TO_32_BIT_CONVERSION = YES;
				GCC_WARN_ABOUT_RETURN_TYPE = YES_ERROR;
				GCC_WARN_UNDECLARED_SELECTOR = YES;
				GCC_WARN_UNINITIALIZED_AUTOS = YES_AGGRESSIVE;
				GCC_WARN_UNUSED_FUNCTION = YES;
				GCC_WARN_UNUSED_VARIABLE = YES;
				IPHONEOS_DEPLOYMENT_TARGET = 16.0;
				MTL_ENABLE_DEBUG_INFO = INCLUDE_SOURCE;
				MTL_FAST_MATH = YES;
				ONLY_ACTIVE_ARCH = YES;
				SDKROOT = iphoneos;
				SWIFT_ACTIVE_COMPILATION_CONDITIONS = DEBUG;
				SWIFT_OPTIMIZATION_LEVEL = "-Onone";
			};
			name = Debug;
		};
		13D1CFB228D3D86F0064D47A /* Release */ = {
			isa = XCBuildConfiguration;
			buildSettings = {
				ALWAYS_SEARCH_USER_PATHS = NO;
				CLANG_ANALYZER_NONNULL = YES;
				CLANG_ANALYZER_NUMBER_OBJECT_CONVERSION = YES_AGGRESSIVE;
				CLANG_CXX_LANGUAGE_STANDARD = "gnu++20";
				CLANG_ENABLE_MODULES = YES;
				CLANG_ENABLE_OBJC_ARC = YES;
				CLANG_ENABLE_OBJC_WEAK = YES;
				CLANG_WARN_BLOCK_CAPTURE_AUTORELEASING = YES;
				CLANG_WARN_BOOL_CONVERSION = YES;
				CLANG_WARN_COMMA = YES;
				CLANG_WARN_CONSTANT_CONVERSION = YES;
				CLANG_WARN_DEPRECATED_OBJC_IMPLEMENTATIONS = YES;
				CLANG_WARN_DIRECT_OBJC_ISA_USAGE = YES_ERROR;
				CLANG_WARN_DOCUMENTATION_COMMENTS = YES;
				CLANG_WARN_EMPTY_BODY = YES;
				CLANG_WARN_ENUM_CONVERSION = YES;
				CLANG_WARN_INFINITE_RECURSION = YES;
				CLANG_WARN_INT_CONVERSION = YES;
				CLANG_WARN_NON_LITERAL_NULL_CONVERSION = YES;
				CLANG_WARN_OBJC_IMPLICIT_RETAIN_SELF = YES;
				CLANG_WARN_OBJC_LITERAL_CONVERSION = YES;
				CLANG_WARN_OBJC_ROOT_CLASS = YES_ERROR;
				CLANG_WARN_QUOTED_INCLUDE_IN_FRAMEWORK_HEADER = YES;
				CLANG_WARN_RANGE_LOOP_ANALYSIS = YES;
				CLANG_WARN_STRICT_PROTOTYPES = YES;
				CLANG_WARN_SUSPICIOUS_MOVE = YES;
				CLANG_WARN_UNGUARDED_AVAILABILITY = YES_AGGRESSIVE;
				CLANG_WARN_UNREACHABLE_CODE = YES;
				CLANG_WARN__DUPLICATE_METHOD_MATCH = YES;
				COPY_PHASE_STRIP = NO;
				DEBUG_INFORMATION_FORMAT = "dwarf-with-dsym";
				ENABLE_NS_ASSERTIONS = NO;
				ENABLE_STRICT_OBJC_MSGSEND = YES;
				GCC_C_LANGUAGE_STANDARD = gnu11;
				GCC_NO_COMMON_BLOCKS = YES;
				GCC_WARN_64_TO_32_BIT_CONVERSION = YES;
				GCC_WARN_ABOUT_RETURN_TYPE = YES_ERROR;
				GCC_WARN_UNDECLARED_SELECTOR = YES;
				GCC_WARN_UNINITIALIZED_AUTOS = YES_AGGRESSIVE;
				GCC_WARN_UNUSED_FUNCTION = YES;
				GCC_WARN_UNUSED_VARIABLE = YES;
				IPHONEOS_DEPLOYMENT_TARGET = 16.0;
				MTL_ENABLE_DEBUG_INFO = NO;
				MTL_FAST_MATH = YES;
				SDKROOT = iphoneos;
				SWIFT_COMPILATION_MODE = wholemodule;
				SWIFT_OPTIMIZATION_LEVEL = "-O";
				VALIDATE_PRODUCT = YES;
			};
			name = Release;
		};
		13D1CFB428D3D86F0064D47A /* Debug */ = {
			isa = XCBuildConfiguration;
			buildSettings = {
				ASSETCATALOG_COMPILER_APPICON_NAME = AppIcon;
				ASSETCATALOG_COMPILER_GLOBAL_ACCENT_COLOR_NAME = AccentColor;
				CODE_SIGN_STYLE = Automatic;
				CURRENT_PROJECT_VERSION = 1;
				DEVELOPMENT_TEAM = Q4PU3GZZ43;
				GENERATE_INFOPLIST_FILE = YES;
				INFOPLIST_FILE = headersFooters/Info.plist;
				INFOPLIST_KEY_UIApplicationSupportsIndirectInputEvents = YES;
				INFOPLIST_KEY_UILaunchStoryboardName = LaunchScreen;
				INFOPLIST_KEY_UIMainStoryboardFile = Main;
				INFOPLIST_KEY_UISupportedInterfaceOrientations_iPad = "UIInterfaceOrientationPortrait UIInterfaceOrientationPortraitUpsideDown UIInterfaceOrientationLandscapeLeft UIInterfaceOrientationLandscapeRight";
				INFOPLIST_KEY_UISupportedInterfaceOrientations_iPhone = "UIInterfaceOrientationPortrait UIInterfaceOrientationLandscapeLeft UIInterfaceOrientationLandscapeRight";
				LD_RUNPATH_SEARCH_PATHS = (
					"$(inherited)",
					"@executable_path/Frameworks",
				);
				MARKETING_VERSION = 1.0;
				PRODUCT_BUNDLE_IDENTIFIER = com.lilica.headersFooters;
				PRODUCT_NAME = "$(TARGET_NAME)";
				SWIFT_EMIT_LOC_STRINGS = YES;
				SWIFT_VERSION = 5.0;
				TARGETED_DEVICE_FAMILY = "1,2";
			};
			name = Debug;
		};
		13D1CFB528D3D86F0064D47A /* Release */ = {
			isa = XCBuildConfiguration;
			buildSettings = {
				ASSETCATALOG_COMPILER_APPICON_NAME = AppIcon;
				ASSETCATALOG_COMPILER_GLOBAL_ACCENT_COLOR_NAME = AccentColor;
				CODE_SIGN_STYLE = Automatic;
				CURRENT_PROJECT_VERSION = 1;
				DEVELOPMENT_TEAM = Q4PU3GZZ43;
				GENERATE_INFOPLIST_FILE = YES;
				INFOPLIST_FILE = headersFooters/Info.plist;
				INFOPLIST_KEY_UIApplicationSupportsIndirectInputEvents = YES;
				INFOPLIST_KEY_UILaunchStoryboardName = LaunchScreen;
				INFOPLIST_KEY_UIMainStoryboardFile = Main;
				INFOPLIST_KEY_UISupportedInterfaceOrientations_iPad = "UIInterfaceOrientationPortrait UIInterfaceOrientationPortraitUpsideDown UIInterfaceOrientationLandscapeLeft UIInterfaceOrientationLandscapeRight";
				INFOPLIST_KEY_UISupportedInterfaceOrientations_iPhone = "UIInterfaceOrientationPortrait UIInterfaceOrientationLandscapeLeft UIInterfaceOrientationLandscapeRight";
				LD_RUNPATH_SEARCH_PATHS = (
					"$(inherited)",
					"@executable_path/Frameworks",
				);
				MARKETING_VERSION = 1.0;
				PRODUCT_BUNDLE_IDENTIFIER = com.lilica.headersFooters;
				PRODUCT_NAME = "$(TARGET_NAME)";
				SWIFT_EMIT_LOC_STRINGS = YES;
				SWIFT_VERSION = 5.0;
				TARGETED_DEVICE_FAMILY = "1,2";
			};
			name = Release;
		};
/* End XCBuildConfiguration section */

/* Begin XCConfigurationList section */
		13D1CF9A28D3D86F0064D47A /* Build configuration list for PBXProject "headersFooters" */ = {
			isa = XCConfigurationList;
			buildConfigurations = (
				13D1CFB128D3D86F0064D47A /* Debug */,
				13D1CFB228D3D86F0064D47A /* Release */,
			);
			defaultConfigurationIsVisible = 0;
			defaultConfigurationName = Release;
		};
		13D1CFB328D3D86F0064D47A /* Build configuration list for PBXNativeTarget "headersFooters" */ = {
			isa = XCConfigurationList;
			buildConfigurations = (
				13D1CFB428D3D86F0064D47A /* Debug */,
				13D1CFB528D3D86F0064D47A /* Release */,
			);
			defaultConfigurationIsVisible = 0;
			defaultConfigurationName = Release;
		};
/* End XCConfigurationList section */
	};
	rootObject = 13D1CF9728D3D86F0064D47A /* Project object */;
}
